<?xml version="1.0" encoding="utf-8"?>
<Project ToolsVersion="4.0" xmlns="http://schemas.microsoft.com/developer/msbuild/2003">
  <ItemGroup>
    <Filter Include="Source Files">
      <UniqueIdentifier>{4FC737F1-C7A5-4376-A066-2A32D752A2FF}</UniqueIdentifier>
      <Extensions>cpp;c;cc;cxx;def;odl;idl;hpj;bat;asm;asmx</Extensions>
    </Filter>
    <Filter Include="Header Files">
      <UniqueIdentifier>{93995380-89BD-4b04-88EB-625FBE52EBFB}</UniqueIdentifier>
      <Extensions>h;hpp;hxx;hm;inl;inc;xsd</Extensions>
    </Filter>
    <Filter Include="Resource Files">
      <UniqueIdentifier>{67DA6AB6-F800-4c08-8B7A-83BB121AAD01}</UniqueIdentifier>
      <Extensions>rc;ico;cur;bmp;dlg;rc2;rct;bin;rgs;gif;jpg;jpeg;jpe;resx;tiff;tif;png;wav;mfcribbon-ms</Extensions>
    </Filter>
    <Filter Include="Shaders">
      <UniqueIdentifier>{e11479ef-8a44-4ba5-9d5a-c14237485115}</UniqueIdentifier>
    </Filter>
    <Filter Include="Header Files\PostProcess">
      <UniqueIdentifier>{a090664c-d70d-4c29-a149-f2cc54927421}</UniqueIdentifier>
    </Filter>
    <Filter Include="Source Files\PostProcess">
      <UniqueIdentifier>{181c1aff-0511-4845-b525-6f7345457517}</UniqueIdentifier>
    </Filter>
    <Filter Include="Shaders\PostProcessing">
      <UniqueIdentifier>{6416e223-7a7e-4fc5-9bbc-312092c643c7}</UniqueIdentifier>
    </Filter>
    <Filter Include="Shaders\PostProcessing\Blur">
      <UniqueIdentifier>{5c31cdfe-77ac-425d-b707-1506470495ed}</UniqueIdentifier>
    </Filter>
    <Filter Include="Shaders\PostProcessing\Bloom">
      <UniqueIdentifier>{d738cdef-20eb-405e-a15a-0bbeaef69171}</UniqueIdentifier>
    </Filter>
    <Filter Include="Shaders\PostProcessing\Tint">
      <UniqueIdentifier>{04c334a9-7235-457f-a57f-7d89f3c22f20}</UniqueIdentifier>
    </Filter>
    <Filter Include="Shaders\PostProcessing\Depth">
      <UniqueIdentifier>{59232efe-b018-4fcd-b6c7-6aee0203b003}</UniqueIdentifier>
    </Filter>
  </ItemGroup>
  <ItemGroup>
    <ClCompile Include="dxerr.cpp">
      <Filter>Source Files</Filter>
    </ClCompile>
    <ClCompile Include="MyDemoGame.cpp">
      <Filter>Source Files</Filter>
    </ClCompile>
    <ClCompile Include="SimpleShader.cpp">
      <Filter>Source Files</Filter>
    </ClCompile>
    <ClCompile Include="DirectXGameCore.cpp">
      <Filter>Source Files</Filter>
    </ClCompile>
    <ClCompile Include="Mesh.cpp">
      <Filter>Source Files</Filter>
    </ClCompile>
    <ClCompile Include="MeshLoader.cpp">
      <Filter>Source Files</Filter>
    </ClCompile>
    <ClCompile Include="Entitiy.cpp">
      <Filter>Source Files</Filter>
    </ClCompile>
    <ClCompile Include="Camera.cpp">
      <Filter>Source Files</Filter>
    </ClCompile>
    <ClCompile Include="Material.cpp">
      <Filter>Source Files</Filter>
    </ClCompile>
    <ClCompile Include="PostProcess.cpp">
      <Filter>Source Files</Filter>
    </ClCompile>
    <ClCompile Include="PostProcessBase.cpp">
      <Filter>Source Files</Filter>
    </ClCompile>
    <ClCompile Include="Blur.cpp">
      <Filter>Source Files\PostProcess</Filter>
    </ClCompile>
    <ClCompile Include="Bloom.cpp">
      <Filter>Source Files\PostProcess</Filter>
    </ClCompile>
    <ClCompile Include="Tint.cpp">
      <Filter>Source Files\PostProcess</Filter>
    </ClCompile>
    <ClCompile Include="ppTest.cpp">
      <Filter>Source Files\PostProcess</Filter>
    </ClCompile>
    <ClCompile Include="ScreenDepth.cpp">
      <Filter>Source Files\PostProcess</Filter>
    </ClCompile>
  </ItemGroup>
  <ItemGroup>
    <ClInclude Include="dxerr.h">
      <Filter>Header Files</Filter>
    </ClInclude>
    <ClInclude Include="MyDemoGame.h">
      <Filter>Header Files</Filter>
    </ClInclude>
    <ClInclude Include="SimpleShader.h">
      <Filter>Header Files</Filter>
    </ClInclude>
    <ClInclude Include="DirectXGameCore.h">
      <Filter>Header Files</Filter>
    </ClInclude>
    <ClInclude Include="Vertex.h">
      <Filter>Header Files</Filter>
    </ClInclude>
    <ClInclude Include="Mesh.h">
      <Filter>Header Files</Filter>
    </ClInclude>
    <ClInclude Include="MeshLoader.h">
      <Filter>Header Files</Filter>
    </ClInclude>
    <ClInclude Include="Entity.h">
      <Filter>Header Files</Filter>
    </ClInclude>
    <ClInclude Include="Camera.h">
      <Filter>Header Files</Filter>
    </ClInclude>
    <ClInclude Include="Material.h">
      <Filter>Header Files</Filter>
    </ClInclude>
    <ClInclude Include="Light.h">
      <Filter>Header Files</Filter>
    </ClInclude>
    <ClInclude Include="PostProcess.h">
      <Filter>Header Files</Filter>
    </ClInclude>
    <ClInclude Include="PostProcessBase.h">
      <Filter>Header Files</Filter>
    </ClInclude>
    <ClInclude Include="Blur.h">
      <Filter>Header Files\PostProcess</Filter>
    </ClInclude>
    <ClInclude Include="resource.h">
      <Filter>Header Files</Filter>
    </ClInclude>
    <ClInclude Include="Bloom.h">
      <Filter>Header Files\PostProcess</Filter>
    </ClInclude>
    <ClInclude Include="Tint.h">
      <Filter>Header Files\PostProcess</Filter>
    </ClInclude>
    <ClInclude Include="ppTest.h">
      <Filter>Header Files\PostProcess</Filter>
    </ClInclude>
    <ClInclude Include="ScreenDepth.h">
      <Filter>Header Files\PostProcess</Filter>
    </ClInclude>
  </ItemGroup>
  <ItemGroup>
    <FxCompile Include="Shaders\PixelShader.hlsl">
      <Filter>Shaders</Filter>
    </FxCompile>
    <FxCompile Include="Shaders\VertexShader.hlsl">
      <Filter>Shaders</Filter>
    </FxCompile>
    <FxCompile Include="Shaders\PixelShader2.hlsl">
      <Filter>Shaders</Filter>
    </FxCompile>
    <FxCompile Include="SimplePS.hlsl">
      <Filter>Shaders</Filter>
    </FxCompile>
    <FxCompile Include="BlurPS.hlsl">
      <Filter>Shaders\PostProcessing\Blur</Filter>
    </FxCompile>
    <FxCompile Include="BloomFilter.hlsl">
      <Filter>Shaders\PostProcessing\Bloom</Filter>
    </FxCompile>
    <FxCompile Include="BloomComposite.hlsl">
      <Filter>Shaders\PostProcessing\Bloom</Filter>
    </FxCompile>
    <FxCompile Include="Final.hlsl">
      <Filter>Shaders\PostProcessing</Filter>
    </FxCompile>
    <FxCompile Include="Tint.hlsl">
      <Filter>Shaders\PostProcessing\Tint</Filter>
    </FxCompile>
    <FxCompile Include="SceneDepthPS.hlsl">
      <Filter>Shaders\PostProcessing\Depth</Filter>
    </FxCompile>
    <FxCompile Include="SceneDepthVS.hlsl">
      <Filter>Shaders\PostProcessing\Depth</Filter>
    </FxCompile>
    <FxCompile Include="FinalVS.hlsl">
      <Filter>Shaders\PostProcessing</Filter>
    </FxCompile>
  </ItemGroup>
  <ItemGroup>
    <None Include="packages.config" />
  </ItemGroup>
  <ItemGroup>
    <ResourceCompile Include="DirectX11_Starter.rc">
      <Filter>Resource Files</Filter>
    </ResourceCompile>
  </ItemGroup>
</Project>